// !$*UTF8*$!
{
	archiveVersion = 1;
	classes = {
	};
	objectVersion = 50;
	objects = {

/* Begin PBXFileReference section */
		91F13C8F25AE0A8200387DDE /* req01.sql */ = {isa = PBXFileReference; lastKnownFileType = text; path = req01.sql; sourceTree = "<group>"; };
		91F13C9025AE0BE200387DDE /* req02.sql */ = {isa = PBXFileReference; lastKnownFileType = text; path = req02.sql; sourceTree = "<group>"; };
		91F13C9125AE0C4F00387DDE /* req03.sql */ = {isa = PBXFileReference; lastKnownFileType = text; path = req03.sql; sourceTree = "<group>"; };
		91F13C9225AE0D4300387DDE /* req04.sql */ = {isa = PBXFileReference; lastKnownFileType = text; path = req04.sql; sourceTree = "<group>"; };
		91F13C9325AE0DC600387DDE /* req05.sql */ = {isa = PBXFileReference; lastKnownFileType = text; path = req05.sql; sourceTree = "<group>"; };
		91F13C9425AE0EF400387DDE /* req06.sql */ = {isa = PBXFileReference; lastKnownFileType = text; path = req06.sql; sourceTree = "<group>"; };
		91F13C9525AE137500387DDE /* req07.sql */ = {isa = PBXFileReference; lastKnownFileType = text; path = req07.sql; sourceTree = "<group>"; };
		91F13C9625AE14DB00387DDE /* req08.sql */ = {isa = PBXFileReference; lastKnownFileType = text; path = req08.sql; sourceTree = "<group>"; };
		91F13C9725AE1C4400387DDE /* req09.sql */ = {isa = PBXFileReference; lastKnownFileType = text; path = req09.sql; sourceTree = "<group>"; };
		91F13C9825AE296300387DDE /* req10.sql */ = {isa = PBXFileReference; lastKnownFileType = text; path = req10.sql; sourceTree = "<group>"; };
		91F13C9925AE2AC800387DDE /* req11.sql */ = {isa = PBXFileReference; lastKnownFileType = text; path = req11.sql; sourceTree = "<group>"; };
		91F13C9A25AE2B0700387DDE /* req12.sql */ = {isa = PBXFileReference; lastKnownFileType = text; path = req12.sql; sourceTree = "<group>"; };
/* End PBXFileReference section */

/* Begin PBXGroup section */
		91F13C8825AE0A5300387DDE = {
			isa = PBXGroup;
			children = (
				91F13C9A25AE2B0700387DDE /* req12.sql */,
				91F13C9925AE2AC800387DDE /* req11.sql */,
				91F13C9825AE296300387DDE /* req10.sql */,
				91F13C9725AE1C4400387DDE /* req09.sql */,
				91F13C9625AE14DB00387DDE /* req08.sql */,
				91F13C9525AE137500387DDE /* req07.sql */,
				91F13C9425AE0EF400387DDE /* req06.sql */,
				91F13C9325AE0DC600387DDE /* req05.sql */,
				91F13C9225AE0D4300387DDE /* req04.sql */,
				91F13C9125AE0C4F00387DDE /* req03.sql */,
				91F13C9025AE0BE200387DDE /* req02.sql */,
				91F13C8F25AE0A8200387DDE /* req01.sql */,
			);
			sourceTree = "<group>";
		};
/* End PBXGroup section */

/* Begin PBXProject section */
		91F13C8925AE0A5300387DDE /* Project object */ = {
			isa = PBXProject;
			attributes = {
				LastUpgradeCheck = 1230;
			};
			buildConfigurationList = 91F13C8C25AE0A5300387DDE /* Build configuration list for PBXProject "lab_management" */;
			compatibilityVersion = "Xcode 9.3";
			developmentRegion = en;
			hasScannedForEncodings = 0;
			knownRegions = (
				en,
				Base,
			);
			mainGroup = 91F13C8825AE0A5300387DDE;
			projectDirPath = "";
			projectRoot = "";
			targets = (
			);
		};
/* End PBXProject section */

/* Begin XCBuildConfiguration section */
		91F13C8D25AE0A5300387DDE /* Debug */ = {
			isa = XCBuildConfiguration;
			buildSettings = {
			};
			name = Debug;
		};
		91F13C8E25AE0A5300387DDE /* Release */ = {
			isa = XCBuildConfiguration;
			buildSettings = {
			};
			name = Release;
		};
/* End XCBuildConfiguration section */

/* Begin XCConfigurationList section */
		91F13C8C25AE0A5300387DDE /* Build configuration list for PBXProject "lab_management" */ = {
			isa = XCConfigurationList;
			buildConfigurations = (
				91F13C8D25AE0A5300387DDE /* Debug */,
				91F13C8E25AE0A5300387DDE /* Release */,
			);
			defaultConfigurationIsVisible = 0;
			defaultConfigurationName = Release;
		};
/* End XCConfigurationList section */
	};
	rootObject = 91F13C8925AE0A5300387DDE /* Project object */;
}
