// !$*UTF8*$!
{
	archiveVersion = 1;
	classes = {
	};
	objectVersion = 50;
	objects = {

/* Begin PBXFileReference section */
		91F13CA225AE5B3A00387DDE /* req01.sql */ = {isa = PBXFileReference; lastKnownFileType = text; path = req01.sql; sourceTree = "<group>"; };
		91F13CA325AE5B4400387DDE /* req02.sql */ = {isa = PBXFileReference; lastKnownFileType = text; path = req02.sql; sourceTree = "<group>"; };
/* End PBXFileReference section */

/* Begin PBXGroup section */
		91F13C9B25AE5B2A00387DDE = {
			isa = PBXGroup;
			children = (
				91F13CA325AE5B4400387DDE /* req02.sql */,
				91F13CA225AE5B3A00387DDE /* req01.sql */,
			);
			sourceTree = "<group>";
		};
/* End PBXGroup section */

/* Begin PBXProject section */
		91F13C9C25AE5B2A00387DDE /* Project object */ = {
			isa = PBXProject;
			attributes = {
				LastUpgradeCheck = 1230;
			};
			buildConfigurationList = 91F13C9F25AE5B2A00387DDE /* Build configuration list for PBXProject "traffic_offense" */;
			compatibilityVersion = "Xcode 9.3";
			developmentRegion = en;
			hasScannedForEncodings = 0;
			knownRegions = (
				en,
				Base,
			);
			mainGroup = 91F13C9B25AE5B2A00387DDE;
			projectDirPath = "";
			projectRoot = "";
			targets = (
			);
		};
/* End PBXProject section */

/* Begin XCBuildConfiguration section */
		91F13CA025AE5B2A00387DDE /* Debug */ = {
			isa = XCBuildConfiguration;
			buildSettings = {
			};
			name = Debug;
		};
		91F13CA125AE5B2A00387DDE /* Release */ = {
			isa = XCBuildConfiguration;
			buildSettings = {
			};
			name = Release;
		};
/* End XCBuildConfiguration section */

/* Begin XCConfigurationList section */
		91F13C9F25AE5B2A00387DDE /* Build configuration list for PBXProject "traffic_offense" */ = {
			isa = XCConfigurationList;
			buildConfigurations = (
				91F13CA025AE5B2A00387DDE /* Debug */,
				91F13CA125AE5B2A00387DDE /* Release */,
			);
			defaultConfigurationIsVisible = 0;
			defaultConfigurationName = Release;
		};
/* End XCConfigurationList section */
	};
	rootObject = 91F13C9C25AE5B2A00387DDE /* Project object */;
}
